// !$*UTF8*$!
{
	archiveVersion = 1;
	classes = {
	};
	objectVersion = 50;
	objects = {

/* Begin PBXBuildFile section */
		6469B6DF2503DA23003EB98A /* AppDelegate.swift in Sources */ = {isa = PBXBuildFile; fileRef = 6469B6DE2503DA23003EB98A /* AppDelegate.swift */; };
		6469B6E12503DA23003EB98A /* SceneDelegate.swift in Sources */ = {isa = PBXBuildFile; fileRef = 6469B6E02503DA23003EB98A /* SceneDelegate.swift */; };
		6469B6E32503DA23003EB98A /* ContentView.swift in Sources */ = {isa = PBXBuildFile; fileRef = 6469B6E22503DA23003EB98A /* ContentView.swift */; };
		6469B6E52503DA26003EB98A /* Assets.xcassets in Resources */ = {isa = PBXBuildFile; fileRef = 6469B6E42503DA26003EB98A /* Assets.xcassets */; };
		6469B6E82503DA26003EB98A /* Preview Assets.xcassets in Resources */ = {isa = PBXBuildFile; fileRef = 6469B6E72503DA26003EB98A /* Preview Assets.xcassets */; };
		6469B6EB2503DA26003EB98A /* LaunchScreen.storyboard in Resources */ = {isa = PBXBuildFile; fileRef = 6469B6E92503DA26003EB98A /* LaunchScreen.storyboard */; };
		6469B6F32503E4DB003EB98A /* DateListView.swift in Sources */ = {isa = PBXBuildFile; fileRef = 6469B6F22503E4DB003EB98A /* DateListView.swift */; };
		6469B6F62503E519003EB98A /* TopView.swift in Sources */ = {isa = PBXBuildFile; fileRef = 6469B6F52503E519003EB98A /* TopView.swift */; };
		6469B6F82503ED30003EB98A /* CardView.swift in Sources */ = {isa = PBXBuildFile; fileRef = 6469B6F72503ED30003EB98A /* CardView.swift */; };
		6469B6FA2503ED68003EB98A /* AvailableFlightsView.swift in Sources */ = {isa = PBXBuildFile; fileRef = 6469B6F92503ED68003EB98A /* AvailableFlightsView.swift */; };
		6469B6FC2503F2A2003EB98A /* DateItem.swift in Sources */ = {isa = PBXBuildFile; fileRef = 6469B6FB2503F2A2003EB98A /* DateItem.swift */; };
		6469B6FF2504006E003EB98A /* README.md in Resources */ = {isa = PBXBuildFile; fileRef = 6469B6FE2504006E003EB98A /* README.md */; };
/* End PBXBuildFile section */

/* Begin PBXFileReference section */
		6469B6DB2503DA23003EB98A /* FlightTicketBookingAppDesign.app */ = {isa = PBXFileReference; explicitFileType = wrapper.application; includeInIndex = 0; path = FlightTicketBookingAppDesign.app; sourceTree = BUILT_PRODUCTS_DIR; };
		6469B6DE2503DA23003EB98A /* AppDelegate.swift */ = {isa = PBXFileReference; lastKnownFileType = sourcecode.swift; path = AppDelegate.swift; sourceTree = "<group>"; };
		6469B6E02503DA23003EB98A /* SceneDelegate.swift */ = {isa = PBXFileReference; lastKnownFileType = sourcecode.swift; path = SceneDelegate.swift; sourceTree = "<group>"; };
		6469B6E22503DA23003EB98A /* ContentView.swift */ = {isa = PBXFileReference; lastKnownFileType = sourcecode.swift; path = ContentView.swift; sourceTree = "<group>"; };
		6469B6E42503DA26003EB98A /* Assets.xcassets */ = {isa = PBXFileReference; lastKnownFileType = folder.assetcatalog; path = Assets.xcassets; sourceTree = "<group>"; };
		6469B6E72503DA26003EB98A /* Preview Assets.xcassets */ = {isa = PBXFileReference; lastKnownFileType = folder.assetcatalog; path = "Preview Assets.xcassets"; sourceTree = "<group>"; };
		6469B6EA2503DA26003EB98A /* Base */ = {isa = PBXFileReference; lastKnownFileType = file.storyboard; name = Base; path = Base.lproj/LaunchScreen.storyboard; sourceTree = "<group>"; };
		6469B6EC2503DA26003EB98A /* Info.plist */ = {isa = PBXFileReference; lastKnownFileType = text.plist.xml; path = Info.plist; sourceTree = "<group>"; };
		6469B6F22503E4DB003EB98A /* DateListView.swift */ = {isa = PBXFileReference; lastKnownFileType = sourcecode.swift; path = DateListView.swift; sourceTree = "<group>"; };
		6469B6F52503E519003EB98A /* TopView.swift */ = {isa = PBXFileReference; lastKnownFileType = sourcecode.swift; path = TopView.swift; sourceTree = "<group>"; };
		6469B6F72503ED30003EB98A /* CardView.swift */ = {isa = PBXFileReference; lastKnownFileType = sourcecode.swift; name = CardView.swift; path = FlightTicketBookingAppDesign/CardView.swift; sourceTree = SOURCE_ROOT; };
		6469B6F92503ED68003EB98A /* AvailableFlightsView.swift */ = {isa = PBXFileReference; lastKnownFileType = sourcecode.swift; path = AvailableFlightsView.swift; sourceTree = "<group>"; };
		6469B6FB2503F2A2003EB98A /* DateItem.swift */ = {isa = PBXFileReference; lastKnownFileType = sourcecode.swift; path = DateItem.swift; sourceTree = "<group>"; };
		6469B6FE2504006E003EB98A /* README.md */ = {isa = PBXFileReference; lastKnownFileType = net.daringfireball.markdown; path = README.md; sourceTree = "<group>"; };
/* End PBXFileReference section */

/* Begin PBXFrameworksBuildPhase section */
		6469B6D82503DA23003EB98A /* Frameworks */ = {
			isa = PBXFrameworksBuildPhase;
			buildActionMask = 2147483647;
			files = (
			);
			runOnlyForDeploymentPostprocessing = 0;
		};
/* End PBXFrameworksBuildPhase section */

/* Begin PBXGroup section */
		6469B6D22503DA23003EB98A = {
			isa = PBXGroup;
			children = (
				6469B6FE2504006E003EB98A /* README.md */,
				6469B6DD2503DA23003EB98A /* FlightTicketBookingAppDesign */,
				6469B6DC2503DA23003EB98A /* Products */,
			);
			sourceTree = "<group>";
		};
		6469B6DC2503DA23003EB98A /* Products */ = {
			isa = PBXGroup;
			children = (
				6469B6DB2503DA23003EB98A /* FlightTicketBookingAppDesign.app */,
			);
			name = Products;
			sourceTree = "<group>";
		};
		6469B6DD2503DA23003EB98A /* FlightTicketBookingAppDesign */ = {
			isa = PBXGroup;
			children = (
				6469B6FD2503F2A6003EB98A /* Models */,
				6469B6F42503E4E2003EB98A /* Views */,
				6469B6DE2503DA23003EB98A /* AppDelegate.swift */,
				6469B6E02503DA23003EB98A /* SceneDelegate.swift */,
				6469B6E22503DA23003EB98A /* ContentView.swift */,
				6469B6E42503DA26003EB98A /* Assets.xcassets */,
				6469B6E92503DA26003EB98A /* LaunchScreen.storyboard */,
				6469B6EC2503DA26003EB98A /* Info.plist */,
				6469B6E62503DA26003EB98A /* Preview Content */,
			);
			path = FlightTicketBookingAppDesign;
			sourceTree = "<group>";
		};
		6469B6E62503DA26003EB98A /* Preview Content */ = {
			isa = PBXGroup;
			children = (
				6469B6E72503DA26003EB98A /* Preview Assets.xcassets */,
			);
			path = "Preview Content";
			sourceTree = "<group>";
		};
		6469B6F42503E4E2003EB98A /* Views */ = {
			isa = PBXGroup;
			children = (
				6469B6F72503ED30003EB98A /* CardView.swift */,
				6469B6F92503ED68003EB98A /* AvailableFlightsView.swift */,
				6469B6F22503E4DB003EB98A /* DateListView.swift */,
				6469B6F52503E519003EB98A /* TopView.swift */,
			);
			path = Views;
			sourceTree = "<group>";
		};
		6469B6FD2503F2A6003EB98A /* Models */ = {
			isa = PBXGroup;
			children = (
				6469B6FB2503F2A2003EB98A /* DateItem.swift */,
			);
			path = Models;
			sourceTree = "<group>";
		};
/* End PBXGroup section */

/* Begin PBXNativeTarget section */
		6469B6DA2503DA23003EB98A /* FlightTicketBookingAppDesign */ = {
			isa = PBXNativeTarget;
			buildConfigurationList = 6469B6EF2503DA26003EB98A /* Build configuration list for PBXNativeTarget "FlightTicketBookingAppDesign" */;
			buildPhases = (
				6469B6D72503DA23003EB98A /* Sources */,
				6469B6D82503DA23003EB98A /* Frameworks */,
				6469B6D92503DA23003EB98A /* Resources */,
			);
			buildRules = (
			);
			dependencies = (
			);
			name = FlightTicketBookingAppDesign;
			productName = FlightTicketBookingAppDesign;
			productReference = 6469B6DB2503DA23003EB98A /* FlightTicketBookingAppDesign.app */;
			productType = "com.apple.product-type.application";
		};
/* End PBXNativeTarget section */

/* Begin PBXProject section */
		6469B6D32503DA23003EB98A /* Project object */ = {
			isa = PBXProject;
			attributes = {
				LastSwiftUpdateCheck = 1170;
				LastUpgradeCheck = 1170;
				ORGANIZATIONNAME = "Raphael Cerqueira";
				TargetAttributes = {
					6469B6DA2503DA23003EB98A = {
						CreatedOnToolsVersion = 11.7;
					};
				};
			};
			buildConfigurationList = 6469B6D62503DA23003EB98A /* Build configuration list for PBXProject "FlightTicketBookingAppDesign" */;
			compatibilityVersion = "Xcode 9.3";
			developmentRegion = en;
			hasScannedForEncodings = 0;
			knownRegions = (
				en,
				Base,
			);
			mainGroup = 6469B6D22503DA23003EB98A;
			productRefGroup = 6469B6DC2503DA23003EB98A /* Products */;
			projectDirPath = "";
			projectRoot = "";
			targets = (
				6469B6DA2503DA23003EB98A /* FlightTicketBookingAppDesign */,
			);
		};
/* End PBXProject section */

/* Begin PBXResourcesBuildPhase section */
		6469B6D92503DA23003EB98A /* Resources */ = {
			isa = PBXResourcesBuildPhase;
			buildActionMask = 2147483647;
			files = (
				6469B6EB2503DA26003EB98A /* LaunchScreen.storyboard in Resources */,
				6469B6E82503DA26003EB98A /* Preview Assets.xcassets in Resources */,
				6469B6FF2504006E003EB98A /* README.md in Resources */,
				6469B6E52503DA26003EB98A /* Assets.xcassets in Resources */,
			);
			runOnlyForDeploymentPostprocessing = 0;
		};
/* End PBXResourcesBuildPhase section */

/* Begin PBXSourcesBuildPhase section */
		6469B6D72503DA23003EB98A /* Sources */ = {
			isa = PBXSourcesBuildPhase;
			buildActionMask = 2147483647;
			files = (
				6469B6DF2503DA23003EB98A /* AppDelegate.swift in Sources */,
				6469B6F62503E519003EB98A /* TopView.swift in Sources */,
				6469B6E12503DA23003EB98A /* SceneDelegate.swift in Sources */,
				6469B6FA2503ED68003EB98A /* AvailableFlightsView.swift in Sources */,
				6469B6F32503E4DB003EB98A /* DateListView.swift in Sources */,
				6469B6F82503ED30003EB98A /* CardView.swift in Sources */,
				6469B6FC2503F2A2003EB98A /* DateItem.swift in Sources */,
				6469B6E32503DA23003EB98A /* ContentView.swift in Sources */,
			);
			runOnlyForDeploymentPostprocessing = 0;
		};
/* End PBXSourcesBuildPhase section */

/* Begin PBXVariantGroup section */
		6469B6E92503DA26003EB98A /* LaunchScreen.storyboard */ = {
			isa = PBXVariantGroup;
			children = (
				6469B6EA2503DA26003EB98A /* Base */,
			);
			name = LaunchScreen.storyboard;
			sourceTree = "<group>";
		};
/* End PBXVariantGroup section */

/* Begin XCBuildConfiguration section */
		6469B6ED2503DA26003EB98A /* Debug */ = {
			isa = XCBuildConfiguration;
			buildSettings = {
				ALWAYS_SEARCH_USER_PATHS = NO;
				CLANG_ANALYZER_NONNULL = YES;
				CLANG_ANALYZER_NUMBER_OBJECT_CONVERSION = YES_AGGRESSIVE;
				CLANG_CXX_LANGUAGE_STANDARD = "gnu++14";
				CLANG_CXX_LIBRARY = "libc++";
				CLANG_ENABLE_MODULES = YES;
				CLANG_ENABLE_OBJC_ARC = YES;
				CLANG_ENABLE_OBJC_WEAK = YES;
				CLANG_WARN_BLOCK_CAPTURE_AUTORELEASING = YES;
				CLANG_WARN_BOOL_CONVERSION = YES;
				CLANG_WARN_COMMA = YES;
				CLANG_WARN_CONSTANT_CONVERSION = YES;
				CLANG_WARN_DEPRECATED_OBJC_IMPLEMENTATIONS = YES;
				CLANG_WARN_DIRECT_OBJC_ISA_USAGE = YES_ERROR;
				CLANG_WARN_DOCUMENTATION_COMMENTS = YES;
				CLANG_WARN_EMPTY_BODY = YES;
				CLANG_WARN_ENUM_CONVERSION = YES;
				CLANG_WARN_INFINITE_RECURSION = YES;
				CLANG_WARN_INT_CONVERSION = YES;
				CLANG_WARN_NON_LITERAL_NULL_CONVERSION = YES;
				CLANG_WARN_OBJC_IMPLICIT_RETAIN_SELF = YES;
				CLANG_WARN_OBJC_LITERAL_CONVERSION = YES;
				CLANG_WARN_OBJC_ROOT_CLASS = YES_ERROR;
				CLANG_WARN_RANGE_LOOP_ANALYSIS = YES;
				CLANG_WARN_STRICT_PROTOTYPES = YES;
				CLANG_WARN_SUSPICIOUS_MOVE = YES;
				CLANG_WARN_UNGUARDED_AVAILABILITY = YES_AGGRESSIVE;
				CLANG_WARN_UNREACHABLE_CODE = YES;
				CLANG_WARN__DUPLICATE_METHOD_MATCH = YES;
				COPY_PHASE_STRIP = NO;
				DEBUG_INFORMATION_FORMAT = dwarf;
				ENABLE_STRICT_OBJC_MSGSEND = YES;
				ENABLE_TESTABILITY = YES;
				GCC_C_LANGUAGE_STANDARD = gnu11;
				GCC_DYNAMIC_NO_PIC = NO;
				GCC_NO_COMMON_BLOCKS = YES;
				GCC_OPTIMIZATION_LEVEL = 0;
				GCC_PREPROCESSOR_DEFINITIONS = (
					"DEBUG=1",
					"$(inherited)",
				);
				GCC_WARN_64_TO_32_BIT_CONVERSION = YES;
				GCC_WARN_ABOUT_RETURN_TYPE = YES_ERROR;
				GCC_WARN_UNDECLARED_SELECTOR = YES;
				GCC_WARN_UNINITIALIZED_AUTOS = YES_AGGRESSIVE;
				GCC_WARN_UNUSED_FUNCTION = YES;
				GCC_WARN_UNUSED_VARIABLE = YES;
				IPHONEOS_DEPLOYMENT_TARGET = 13.7;
				MTL_ENABLE_DEBUG_INFO = INCLUDE_SOURCE;
				MTL_FAST_MATH = YES;
				ONLY_ACTIVE_ARCH = YES;
				SDKROOT = iphoneos;
				SWIFT_ACTIVE_COMPILATION_CONDITIONS = DEBUG;
				SWIFT_OPTIMIZATION_LEVEL = "-Onone";
			};
			name = Debug;
		};
		6469B6EE2503DA26003EB98A /* Release */ = {
			isa = XCBuildConfiguration;
			buildSettings = {
				ALWAYS_SEARCH_USER_PATHS = NO;
				CLANG_ANALYZER_NONNULL = YES;
				CLANG_ANALYZER_NUMBER_OBJECT_CONVERSION = YES_AGGRESSIVE;
				CLANG_CXX_LANGUAGE_STANDARD = "gnu++14";
				CLANG_CXX_LIBRARY = "libc++";
				CLANG_ENABLE_MODULES = YES;
				CLANG_ENABLE_OBJC_ARC = YES;
				CLANG_ENABLE_OBJC_WEAK = YES;
				CLANG_WARN_BLOCK_CAPTURE_AUTORELEASING = YES;
				CLANG_WARN_BOOL_CONVERSION = YES;
				CLANG_WARN_COMMA = YES;
				CLANG_WARN_CONSTANT_CONVERSION = YES;
				CLANG_WARN_DEPRECATED_OBJC_IMPLEMENTATIONS = YES;
				CLANG_WARN_DIRECT_OBJC_ISA_USAGE = YES_ERROR;
				CLANG_WARN_DOCUMENTATION_COMMENTS = YES;
				CLANG_WARN_EMPTY_BODY = YES;
				CLANG_WARN_ENUM_CONVERSION = YES;
				CLANG_WARN_INFINITE_RECURSION = YES;
				CLANG_WARN_INT_CONVERSION = YES;
				CLANG_WARN_NON_LITERAL_NULL_CONVERSION = YES;
				CLANG_WARN_OBJC_IMPLICIT_RETAIN_SELF = YES;
				CLANG_WARN_OBJC_LITERAL_CONVERSION = YES;
				CLANG_WARN_OBJC_ROOT_CLASS = YES_ERROR;
				CLANG_WARN_RANGE_LOOP_ANALYSIS = YES;
				CLANG_WARN_STRICT_PROTOTYPES = YES;
				CLANG_WARN_SUSPICIOUS_MOVE = YES;
				CLANG_WARN_UNGUARDED_AVAILABILITY = YES_AGGRESSIVE;
				CLANG_WARN_UNREACHABLE_CODE = YES;
				CLANG_WARN__DUPLICATE_METHOD_MATCH = YES;
				COPY_PHASE_STRIP = NO;
				DEBUG_INFORMATION_FORMAT = "dwarf-with-dsym";
				ENABLE_NS_ASSERTIONS = NO;
				ENABLE_STRICT_OBJC_MSGSEND = YES;
				GCC_C_LANGUAGE_STANDARD = gnu11;
				GCC_NO_COMMON_BLOCKS = YES;
				GCC_WARN_64_TO_32_BIT_CONVERSION = YES;
				GCC_WARN_ABOUT_RETURN_TYPE = YES_ERROR;
				GCC_WARN_UNDECLARED_SELECTOR = YES;
				GCC_WARN_UNINITIALIZED_AUTOS = YES_AGGRESSIVE;
				GCC_WARN_UNUSED_FUNCTION = YES;
				GCC_WARN_UNUSED_VARIABLE = YES;
				IPHONEOS_DEPLOYMENT_TARGET = 13.7;
				MTL_ENABLE_DEBUG_INFO = NO;
				MTL_FAST_MATH = YES;
				SDKROOT = iphoneos;
				SWIFT_COMPILATION_MODE = wholemodule;
				SWIFT_OPTIMIZATION_LEVEL = "-O";
				VALIDATE_PRODUCT = YES;
			};
			name = Release;
		};
		6469B6F02503DA26003EB98A /* Debug */ = {
			isa = XCBuildConfiguration;
			buildSettings = {
				ASSETCATALOG_COMPILER_APPICON_NAME = AppIcon;
				CODE_SIGN_STYLE = Automatic;
				DEVELOPMENT_ASSET_PATHS = "\"FlightTicketBookingAppDesign/Preview Content\"";
				ENABLE_PREVIEWS = YES;
				INFOPLIST_FILE = FlightTicketBookingAppDesign/Info.plist;
				LD_RUNPATH_SEARCH_PATHS = (
					"$(inherited)",
					"@executable_path/Frameworks",
				);
				PRODUCT_BUNDLE_IDENTIFIER = io.github.rphlfc.FlightTicketBookingAppDesign;
				PRODUCT_NAME = "$(TARGET_NAME)";
				SWIFT_VERSION = 5.0;
				TARGETED_DEVICE_FAMILY = "1,2";
			};
			name = Debug;
		};
		6469B6F12503DA26003EB98A /* Release */ = {
			isa = XCBuildConfiguration;
			buildSettings = {
				ASSETCATALOG_COMPILER_APPICON_NAME = AppIcon;
				CODE_SIGN_STYLE = Automatic;
				DEVELOPMENT_ASSET_PATHS = "\"FlightTicketBookingAppDesign/Preview Content\"";
				ENABLE_PREVIEWS = YES;
				INFOPLIST_FILE = FlightTicketBookingAppDesign/Info.plist;
				LD_RUNPATH_SEARCH_PATHS = (
					"$(inherited)",
					"@executable_path/Frameworks",
				);
				PRODUCT_BUNDLE_IDENTIFIER = io.github.rphlfc.FlightTicketBookingAppDesign;
				PRODUCT_NAME = "$(TARGET_NAME)";
				SWIFT_VERSION = 5.0;
				TARGETED_DEVICE_FAMILY = "1,2";
			};
			name = Release;
		};
/* End XCBuildConfiguration section */

/* Begin XCConfigurationList section */
		6469B6D62503DA23003EB98A /* Build configuration list for PBXProject "FlightTicketBookingAppDesign" */ = {
			isa = XCConfigurationList;
			buildConfigurations = (
				6469B6ED2503DA26003EB98A /* Debug */,
				6469B6EE2503DA26003EB98A /* Release */,
			);
			defaultConfigurationIsVisible = 0;
			defaultConfigurationName = Release;
		};
		6469B6EF2503DA26003EB98A /* Build configuration list for PBXNativeTarget "FlightTicketBookingAppDesign" */ = {
			isa = XCConfigurationList;
			buildConfigurations = (
				6469B6F02503DA26003EB98A /* Debug */,
				6469B6F12503DA26003EB98A /* Release */,
			);
			defaultConfigurationIsVisible = 0;
			defaultConfigurationName = Release;
		};
/* End XCConfigurationList section */
	};
	rootObject = 6469B6D32503DA23003EB98A /* Project object */;
}
